
Microsoft Visual Studio Solution File, Format Version 12.00
# Visual Studio Version 16
VisualStudioVersion = 16.0.30907.101
MinimumVisualStudioVersion = 10.0.40219.1
Project("{FAE04EC0-301F-11D3-BF4B-00C04F79EFBC}") = "netcoreWebAPI", "netcoreWebAPI\netcoreWebAPI.csproj", "{518B15C1-59B5-44C7-86F9-895744045699}"
EndProject
Global
	GlobalSection(SolutionConfigurationPlatforms) = preSolution
		Debug|Any CPU = Debug|Any CPU
		Release|Any CPU = Release|Any CPU
	EndGlobalSection
	GlobalSection(ProjectConfigurationPlatforms) = postSolution
		{518B15C1-59B5-44C7-86F9-895744045699}.Debug|Any CPU.ActiveCfg = Debug|Any CPU
		{518B15C1-59B5-44C7-86F9-895744045699}.Debug|Any CPU.Build.0 = Debug|Any CPU
		{518B15C1-59B5-44C7-86F9-895744045699}.Release|Any CPU.ActiveCfg = Release|Any CPU
		{518B15C1-59B5-44C7-86F9-895744045699}.Release|Any CPU.Build.0 = Release|Any CPU
	EndGlobalSection
	GlobalSection(SolutionProperties) = preSolution
		HideSolutionNode = FALSE
	EndGlobalSection
	GlobalSection(ExtensibilityGlobals) = postSolution
		SolutionGuid = {C72CA679-7A8B-41E3-BE02-A7A5AAB0603D}
	EndGlobalSection
EndGlobal
